
Microsoft Visual Studio Solution File, Format Version 12.00
# Visual Studio Version 16
VisualStudioVersion = 16.6.30114.105
MinimumVisualStudioVersion = 10.0.40219.1
Project("{FAE04EC0-301F-11D3-BF4B-00C04F79EFBC}") = "game-top", "game-top\game-top.csproj", "{21358408-8578-4C77-B77F-A4A9150F3DD2}"
EndProject
Project("{FAE04EC0-301F-11D3-BF4B-00C04F79EFBC}") = "game-top.lib", "game-top.lib\game-top.lib.csproj", "{989AF40A-0A33-4195-83B3-8D4965C9C39F}"
EndProject
Project("{FAE04EC0-301F-11D3-BF4B-00C04F79EFBC}") = "game-top.Interface", "game-top.Interface\game-top.Interface.csproj", "{BF9BA65F-D41F-4E24-ADCE-E56CD7EB4206}"
EndProject
Global
	GlobalSection(SolutionConfigurationPlatforms) = preSolution
		Debug|Any CPU = Debug|Any CPU
		Debug|x64 = Debug|x64
		Debug|x86 = Debug|x86
		Release|Any CPU = Release|Any CPU
		Release|x64 = Release|x64
		Release|x86 = Release|x86
	EndGlobalSection
	GlobalSection(SolutionProperties) = preSolution
		HideSolutionNode = FALSE
	EndGlobalSection
	GlobalSection(ProjectConfigurationPlatforms) = postSolution
		{21358408-8578-4C77-B77F-A4A9150F3DD2}.Debug|Any CPU.ActiveCfg = Debug|Any CPU
		{21358408-8578-4C77-B77F-A4A9150F3DD2}.Debug|Any CPU.Build.0 = Debug|Any CPU
		{21358408-8578-4C77-B77F-A4A9150F3DD2}.Debug|x64.ActiveCfg = Debug|Any CPU
		{21358408-8578-4C77-B77F-A4A9150F3DD2}.Debug|x64.Build.0 = Debug|Any CPU
		{21358408-8578-4C77-B77F-A4A9150F3DD2}.Debug|x86.ActiveCfg = Debug|Any CPU
		{21358408-8578-4C77-B77F-A4A9150F3DD2}.Debug|x86.Build.0 = Debug|Any CPU
		{21358408-8578-4C77-B77F-A4A9150F3DD2}.Release|Any CPU.ActiveCfg = Release|Any CPU
		{21358408-8578-4C77-B77F-A4A9150F3DD2}.Release|Any CPU.Build.0 = Release|Any CPU
		{21358408-8578-4C77-B77F-A4A9150F3DD2}.Release|x64.ActiveCfg = Release|Any CPU
		{21358408-8578-4C77-B77F-A4A9150F3DD2}.Release|x64.Build.0 = Release|Any CPU
		{21358408-8578-4C77-B77F-A4A9150F3DD2}.Release|x86.ActiveCfg = Release|Any CPU
		{21358408-8578-4C77-B77F-A4A9150F3DD2}.Release|x86.Build.0 = Release|Any CPU
		{989AF40A-0A33-4195-83B3-8D4965C9C39F}.Debug|Any CPU.ActiveCfg = Debug|Any CPU
		{989AF40A-0A33-4195-83B3-8D4965C9C39F}.Debug|Any CPU.Build.0 = Debug|Any CPU
		{989AF40A-0A33-4195-83B3-8D4965C9C39F}.Debug|x64.ActiveCfg = Debug|Any CPU
		{989AF40A-0A33-4195-83B3-8D4965C9C39F}.Debug|x64.Build.0 = Debug|Any CPU
		{989AF40A-0A33-4195-83B3-8D4965C9C39F}.Debug|x86.ActiveCfg = Debug|Any CPU
		{989AF40A-0A33-4195-83B3-8D4965C9C39F}.Debug|x86.Build.0 = Debug|Any CPU
		{989AF40A-0A33-4195-83B3-8D4965C9C39F}.Release|Any CPU.ActiveCfg = Release|Any CPU
		{989AF40A-0A33-4195-83B3-8D4965C9C39F}.Release|Any CPU.Build.0 = Release|Any CPU
		{989AF40A-0A33-4195-83B3-8D4965C9C39F}.Release|x64.ActiveCfg = Release|Any CPU
		{989AF40A-0A33-4195-83B3-8D4965C9C39F}.Release|x64.Build.0 = Release|Any CPU
		{989AF40A-0A33-4195-83B3-8D4965C9C39F}.Release|x86.ActiveCfg = Release|Any CPU
		{989AF40A-0A33-4195-83B3-8D4965C9C39F}.Release|x86.Build.0 = Release|Any CPU
		{BF9BA65F-D41F-4E24-ADCE-E56CD7EB4206}.Debug|Any CPU.ActiveCfg = Debug|Any CPU
		{BF9BA65F-D41F-4E24-ADCE-E56CD7EB4206}.Debug|Any CPU.Build.0 = Debug|Any CPU
		{BF9BA65F-D41F-4E24-ADCE-E56CD7EB4206}.Debug|x64.ActiveCfg = Debug|Any CPU
		{BF9BA65F-D41F-4E24-ADCE-E56CD7EB4206}.Debug|x64.Build.0 = Debug|Any CPU
		{BF9BA65F-D41F-4E24-ADCE-E56CD7EB4206}.Debug|x86.ActiveCfg = Debug|Any CPU
		{BF9BA65F-D41F-4E24-ADCE-E56CD7EB4206}.Debug|x86.Build.0 = Debug|Any CPU
		{BF9BA65F-D41F-4E24-ADCE-E56CD7EB4206}.Release|Any CPU.ActiveCfg = Release|Any CPU
		{BF9BA65F-D41F-4E24-ADCE-E56CD7EB4206}.Release|Any CPU.Build.0 = Release|Any CPU
		{BF9BA65F-D41F-4E24-ADCE-E56CD7EB4206}.Release|x64.ActiveCfg = Release|Any CPU
		{BF9BA65F-D41F-4E24-ADCE-E56CD7EB4206}.Release|x64.Build.0 = Release|Any CPU
		{BF9BA65F-D41F-4E24-ADCE-E56CD7EB4206}.Release|x86.ActiveCfg = Release|Any CPU
		{BF9BA65F-D41F-4E24-ADCE-E56CD7EB4206}.Release|x86.Build.0 = Release|Any CPU
	EndGlobalSection
EndGlobal
